
Microsoft Visual Studio Solution File, Format Version 12.00
# Visual Studio 15
VisualStudioVersion = 15.0.27130.2036
MinimumVisualStudioVersion = 10.0.40219.1
Project("{FAE04EC0-301F-11D3-BF4B-00C04F79EFBC}") = "Stack", "Stack\Stack.csproj", "{73CB1990-5F0B-437D-8D34-D1D0A55ECE57}"
EndProject
Project("{FAE04EC0-301F-11D3-BF4B-00C04F79EFBC}") = "List", "List\List.csproj", "{9AA1A731-20FC-43E8-AC06-09ACAA218FAA}"
EndProject
Project("{FAE04EC0-301F-11D3-BF4B-00C04F79EFBC}") = "Queue", "Queue\Queue.csproj", "{C61CF0A2-8245-407C-B5E8-215D383FF0F0}"
EndProject
Global
	GlobalSection(SolutionConfigurationPlatforms) = preSolution
		Debug|Any CPU = Debug|Any CPU
		Release|Any CPU = Release|Any CPU
	EndGlobalSection
	GlobalSection(ProjectConfigurationPlatforms) = postSolution
		{73CB1990-5F0B-437D-8D34-D1D0A55ECE57}.Debug|Any CPU.ActiveCfg = Debug|Any CPU
		{73CB1990-5F0B-437D-8D34-D1D0A55ECE57}.Debug|Any CPU.Build.0 = Debug|Any CPU
		{73CB1990-5F0B-437D-8D34-D1D0A55ECE57}.Release|Any CPU.ActiveCfg = Release|Any CPU
		{73CB1990-5F0B-437D-8D34-D1D0A55ECE57}.Release|Any CPU.Build.0 = Release|Any CPU
		{9AA1A731-20FC-43E8-AC06-09ACAA218FAA}.Debug|Any CPU.ActiveCfg = Debug|Any CPU
		{9AA1A731-20FC-43E8-AC06-09ACAA218FAA}.Debug|Any CPU.Build.0 = Debug|Any CPU
		{9AA1A731-20FC-43E8-AC06-09ACAA218FAA}.Release|Any CPU.ActiveCfg = Release|Any CPU
		{9AA1A731-20FC-43E8-AC06-09ACAA218FAA}.Release|Any CPU.Build.0 = Release|Any CPU
		{C61CF0A2-8245-407C-B5E8-215D383FF0F0}.Debug|Any CPU.ActiveCfg = Debug|Any CPU
		{C61CF0A2-8245-407C-B5E8-215D383FF0F0}.Debug|Any CPU.Build.0 = Debug|Any CPU
		{C61CF0A2-8245-407C-B5E8-215D383FF0F0}.Release|Any CPU.ActiveCfg = Release|Any CPU
		{C61CF0A2-8245-407C-B5E8-215D383FF0F0}.Release|Any CPU.Build.0 = Release|Any CPU
	EndGlobalSection
	GlobalSection(SolutionProperties) = preSolution
		HideSolutionNode = FALSE
	EndGlobalSection
	GlobalSection(ExtensibilityGlobals) = postSolution
		SolutionGuid = {55FBCDC4-4A87-4F76-B057-D78739E1E762}
	EndGlobalSection
EndGlobal
