
Microsoft Visual Studio Solution File, Format Version 12.00
# Visual Studio 15
VisualStudioVersion = 15.0.27130.2010
MinimumVisualStudioVersion = 10.0.40219.1
Project("{FAE04EC0-301F-11D3-BF4B-00C04F79EFBC}") = "UnitTestingExercises", "UnitTestingExercises.csproj", "{F84B5E0C-042E-4555-B684-C294D4DB8640}"
EndProject
Project("{FAE04EC0-301F-11D3-BF4B-00C04F79EFBC}") = "UnitTestingExercisesTests", "..\UnitTestingExercisesTests\UnitTestingExercisesTests.csproj", "{44F32843-7800-4DF9-AB18-C729964D0B0B}"
EndProject
Global
	GlobalSection(SolutionConfigurationPlatforms) = preSolution
		Debug|Any CPU = Debug|Any CPU
		Release|Any CPU = Release|Any CPU
	EndGlobalSection
	GlobalSection(ProjectConfigurationPlatforms) = postSolution
		{F84B5E0C-042E-4555-B684-C294D4DB8640}.Debug|Any CPU.ActiveCfg = Debug|Any CPU
		{F84B5E0C-042E-4555-B684-C294D4DB8640}.Debug|Any CPU.Build.0 = Debug|Any CPU
		{F84B5E0C-042E-4555-B684-C294D4DB8640}.Release|Any CPU.ActiveCfg = Release|Any CPU
		{F84B5E0C-042E-4555-B684-C294D4DB8640}.Release|Any CPU.Build.0 = Release|Any CPU
		{44F32843-7800-4DF9-AB18-C729964D0B0B}.Debug|Any CPU.ActiveCfg = Debug|Any CPU
		{44F32843-7800-4DF9-AB18-C729964D0B0B}.Debug|Any CPU.Build.0 = Debug|Any CPU
		{44F32843-7800-4DF9-AB18-C729964D0B0B}.Release|Any CPU.ActiveCfg = Release|Any CPU
		{44F32843-7800-4DF9-AB18-C729964D0B0B}.Release|Any CPU.Build.0 = Release|Any CPU
	EndGlobalSection
	GlobalSection(SolutionProperties) = preSolution
		HideSolutionNode = FALSE
	EndGlobalSection
	GlobalSection(ExtensibilityGlobals) = postSolution
		SolutionGuid = {D150ABE4-4CDF-49A0-A857-7BB688925ED7}
	EndGlobalSection
EndGlobal
